<?xml version="1.0" encoding="UTF-8" standalone="yes" ?>
<CodeBlocks_project_file>
	<FileVersion major="1" minor="6" />
	<Project>
		<Option title="Usuario" />
		<Option pch_mode="2" />
		<Option compiler="gcc" />
		<Build>
			<Target title="Debug">
				<Option output="bin/Debug/Usuario" prefix_auto="1" extension_auto="1" />
				<Option object_output="obj/Debug/" />
				<Option type="1" />
				<Option compiler="gcc" />
				<Compiler>
					<Add option="-g" />
					<Add directory="include" />
				</Compiler>
			</Target>
			<Target title="Release">
				<Option output="bin/Release/Usuario" prefix_auto="1" extension_auto="1" />
				<Option object_output="obj/Release/" />
				<Option type="1" />
				<Option compiler="gcc" />
				<Compiler>
					<Add option="-O2" />
					<Add directory="include" />
				</Compiler>
				<Linker>
					<Add option="-s" />
				</Linker>
			</Target>
		</Build>
		<Compiler>
			<Add option="-Wall" />
			<Add option="-fexceptions" />
		</Compiler>
		<Unit filename="include/CrediBanco.h" />
		<Unit filename="include/Cuenta.h" />
		<Unit filename="include/CuentaAhorro.h" />
		<Unit filename="include/CuentaCredito.h" />
		<Unit filename="include/CuentaDebito.h" />
		<Unit filename="include/GestorDeArchivos.h" />
		<Unit filename="include/Listas.h" />
		<Unit filename="include/String_.h" />
		<Unit filename="include/Transaccion.h" />
		<Unit filename="include/TransaccionDeposito.h" />
		<Unit filename="include/TransaccionPrestamo.h" />
		<Unit filename="include/TransaccionRetiro.h" />
		<Unit filename="include/Usuario.h" />
		<Unit filename="include/UsuarioNormal.h" />
		<Unit filename="include/UsuarioPreferencial.h" />
		<Unit filename="include/UsuarioPremium.h" />
		<Unit filename="main.cpp" />
		<Unit filename="src/CrediBanco.cpp" />
		<Unit filename="src/Cuenta.cpp" />
		<Unit filename="src/CuentaAhorro.cpp" />
		<Unit filename="src/CuentaCredito.cpp" />
		<Unit filename="src/CuentaDebito.cpp" />
		<Unit filename="src/GestorDeArchivos.cpp" />
		<Unit filename="src/Listas.cpp" />
		<Unit filename="src/String_.cpp" />
		<Unit filename="src/Transaccion.cpp" />
		<Unit filename="src/TransaccionDeposito.cpp" />
		<Unit filename="src/TransaccionPrestamo.cpp" />
		<Unit filename="src/TransaccionRetiro.cpp" />
		<Unit filename="src/Usuario.cpp" />
		<Unit filename="src/UsuarioNormal.cpp" />
		<Unit filename="src/UsuarioPreferencial.cpp" />
		<Unit filename="src/UsuarioPremium.cpp" />
		<Extensions>
			<lib_finder disable_auto="1" />
		</Extensions>
	</Project>
</CodeBlocks_project_file>
